
Microsoft Visual Studio Solution File, Format Version 12.00
# Visual Studio Version 17
VisualStudioVersion = 17.4.33205.214
MinimumVisualStudioVersion = 10.0.40219.1
Project("{FAE04EC0-301F-11D3-BF4B-00C04F79EFBC}") = "SymmetricKeyAlgorithm", "SymmetricKeyAlgorithm\SymmetricKeyAlgorithm.csproj", "{2E04517F-565E-4E30-B373-798E4FFCE98F}"
EndProject
Global
	GlobalSection(SolutionConfigurationPlatforms) = preSolution
		Debug|Any CPU = Debug|Any CPU
		Release|Any CPU = Release|Any CPU
	EndGlobalSection
	GlobalSection(ProjectConfigurationPlatforms) = postSolution
		{2E04517F-565E-4E30-B373-798E4FFCE98F}.Debug|Any CPU.ActiveCfg = Debug|Any CPU
		{2E04517F-565E-4E30-B373-798E4FFCE98F}.Debug|Any CPU.Build.0 = Debug|Any CPU
		{2E04517F-565E-4E30-B373-798E4FFCE98F}.Release|Any CPU.ActiveCfg = Release|Any CPU
		{2E04517F-565E-4E30-B373-798E4FFCE98F}.Release|Any CPU.Build.0 = Release|Any CPU
	EndGlobalSection
	GlobalSection(SolutionProperties) = preSolution
		HideSolutionNode = FALSE
	EndGlobalSection
	GlobalSection(ExtensibilityGlobals) = postSolution
		SolutionGuid = {76ECF1A4-A31C-40D1-BDBC-E3544CB8CC8B}
	EndGlobalSection
EndGlobal
